
Microsoft Visual Studio Solution File, Format Version 12.00
# Visual Studio Version 16
VisualStudioVersion = 16.0.29509.3
MinimumVisualStudioVersion = 10.0.40219.1
Project("{FAE04EC0-301F-11D3-BF4B-00C04F79EFBC}") = "TuyenDung", "TuyenDung\TuyenDung.csproj", "{54F6C46B-86EA-43A6-96A9-D8C9E1743EBC}"
EndProject
Global
	GlobalSection(SolutionConfigurationPlatforms) = preSolution
		Debug|Any CPU = Debug|Any CPU
		Release|Any CPU = Release|Any CPU
	EndGlobalSection
	GlobalSection(ProjectConfigurationPlatforms) = postSolution
		{54F6C46B-86EA-43A6-96A9-D8C9E1743EBC}.Debug|Any CPU.ActiveCfg = Debug|Any CPU
		{54F6C46B-86EA-43A6-96A9-D8C9E1743EBC}.Debug|Any CPU.Build.0 = Debug|Any CPU
		{54F6C46B-86EA-43A6-96A9-D8C9E1743EBC}.Release|Any CPU.ActiveCfg = Release|Any CPU
		{54F6C46B-86EA-43A6-96A9-D8C9E1743EBC}.Release|Any CPU.Build.0 = Release|Any CPU
	EndGlobalSection
	GlobalSection(SolutionProperties) = preSolution
		HideSolutionNode = FALSE
	EndGlobalSection
	GlobalSection(ExtensibilityGlobals) = postSolution
		SolutionGuid = {05712778-A6C8-40E8-9DD1-33BD1A952464}
	EndGlobalSection
EndGlobal
